
Microsoft Visual Studio Solution File, Format Version 12.00
# Visual Studio Version 16
VisualStudioVersion = 16.0.31424.327
MinimumVisualStudioVersion = 10.0.40219.1
Project("{FAE04EC0-301F-11D3-BF4B-00C04F79EFBC}") = "OgrenciYonetimUygulamasi_G024", "OgrenciYonetimUygulamasi_G024\OgrenciYonetimUygulamasi_G024.csproj", "{A6FB91CB-38FE-4D00-923D-0C475C0099E6}"
EndProject
Global
	GlobalSection(SolutionConfigurationPlatforms) = preSolution
		Debug|Any CPU = Debug|Any CPU
		Release|Any CPU = Release|Any CPU
	EndGlobalSection
	GlobalSection(ProjectConfigurationPlatforms) = postSolution
		{A6FB91CB-38FE-4D00-923D-0C475C0099E6}.Debug|Any CPU.ActiveCfg = Debug|Any CPU
		{A6FB91CB-38FE-4D00-923D-0C475C0099E6}.Debug|Any CPU.Build.0 = Debug|Any CPU
		{A6FB91CB-38FE-4D00-923D-0C475C0099E6}.Release|Any CPU.ActiveCfg = Release|Any CPU
		{A6FB91CB-38FE-4D00-923D-0C475C0099E6}.Release|Any CPU.Build.0 = Release|Any CPU
	EndGlobalSection
	GlobalSection(SolutionProperties) = preSolution
		HideSolutionNode = FALSE
	EndGlobalSection
	GlobalSection(ExtensibilityGlobals) = postSolution
		SolutionGuid = {EF9BF636-1DB7-4BD8-922C-B93F87887467}
	EndGlobalSection
EndGlobal
